
Microsoft Visual Studio Solution File, Format Version 12.00
# Visual Studio Version 16
VisualStudioVersion = 16.0.32510.428
MinimumVisualStudioVersion = 10.0.40219.1
Project("{FAE04EC0-301F-11D3-BF4B-00C04F79EFBC}") = "GuessingGame", "GuessingGame\GuessingGame.csproj", "{D67C6E2E-91BC-4415-A14B-F2B37AFA13DA}"
EndProject
Global
	GlobalSection(SolutionConfigurationPlatforms) = preSolution
		Debug|Any CPU = Debug|Any CPU
		Release|Any CPU = Release|Any CPU
	EndGlobalSection
	GlobalSection(ProjectConfigurationPlatforms) = postSolution
		{D67C6E2E-91BC-4415-A14B-F2B37AFA13DA}.Debug|Any CPU.ActiveCfg = Debug|Any CPU
		{D67C6E2E-91BC-4415-A14B-F2B37AFA13DA}.Debug|Any CPU.Build.0 = Debug|Any CPU
		{D67C6E2E-91BC-4415-A14B-F2B37AFA13DA}.Release|Any CPU.ActiveCfg = Release|Any CPU
		{D67C6E2E-91BC-4415-A14B-F2B37AFA13DA}.Release|Any CPU.Build.0 = Release|Any CPU
	EndGlobalSection
	GlobalSection(SolutionProperties) = preSolution
		HideSolutionNode = FALSE
	EndGlobalSection
	GlobalSection(ExtensibilityGlobals) = postSolution
		SolutionGuid = {C59CEC61-797B-4747-B2FF-4884177E42EC}
	EndGlobalSection
EndGlobal
